
Microsoft Visual Studio Solution File, Format Version 12.00
# Visual Studio 15
VisualStudioVersion = 15.0.27130.2010
MinimumVisualStudioVersion = 10.0.40219.1
Project("{8BC9CEB8-8B4A-11D0-8D11-00A0C91BC942}") = "water_tutorial", "water_tutorial\water_tutorial.vcxproj", "{2309755C-1AE8-4A6F-9C70-5753A075CCCC}"
EndProject
Global
	GlobalSection(SolutionConfigurationPlatforms) = preSolution
		Debug|x64 = Debug|x64
		Debug|x86 = Debug|x86
		Release|x64 = Release|x64
		Release|x86 = Release|x86
	EndGlobalSection
	GlobalSection(ProjectConfigurationPlatforms) = postSolution
		{2309755C-1AE8-4A6F-9C70-5753A075CCCC}.Debug|x64.ActiveCfg = Debug|x64
		{2309755C-1AE8-4A6F-9C70-5753A075CCCC}.Debug|x64.Build.0 = Debug|x64
		{2309755C-1AE8-4A6F-9C70-5753A075CCCC}.Debug|x86.ActiveCfg = Debug|Win32
		{2309755C-1AE8-4A6F-9C70-5753A075CCCC}.Debug|x86.Build.0 = Debug|Win32
		{2309755C-1AE8-4A6F-9C70-5753A075CCCC}.Release|x64.ActiveCfg = Release|x64
		{2309755C-1AE8-4A6F-9C70-5753A075CCCC}.Release|x64.Build.0 = Release|x64
		{2309755C-1AE8-4A6F-9C70-5753A075CCCC}.Release|x86.ActiveCfg = Release|Win32
		{2309755C-1AE8-4A6F-9C70-5753A075CCCC}.Release|x86.Build.0 = Release|Win32
	EndGlobalSection
	GlobalSection(SolutionProperties) = preSolution
		HideSolutionNode = FALSE
	EndGlobalSection
	GlobalSection(ExtensibilityGlobals) = postSolution
		SolutionGuid = {981F1D6E-6894-49D0-AFD9-4B74366C5998}
	EndGlobalSection
EndGlobal
