<?xml version="1.0" encoding="utf-8"?>
<Project ToolsVersion="4.0" xmlns="http://schemas.microsoft.com/developer/msbuild/2003">
  <ItemGroup>
    <Filter Include="Header Files">
      <UniqueIdentifier>{93995380-89BD-4b04-88EB-625FBE52EBFB}</UniqueIdentifier>
      <Extensions>h;hh;hpp;hxx;hm;inl;inc;ipp;xsd</Extensions>
    </Filter>
    <Filter Include="Resource Files">
      <UniqueIdentifier>{67DA6AB6-F800-4c08-8B7A-83BB121AAD01}</UniqueIdentifier>
      <Extensions>rc;ico;cur;bmp;dlg;rc2;rct;bin;rgs;gif;jpg;jpeg;jpe;resx;tiff;tif;png;wav;mfcribbon-ms</Extensions>
    </Filter>
  </ItemGroup>
  <ItemGroup>
    <ClCompile Include="main.cpp" />
    <ClCompile Include="src\window\window.cpp" />
    <ClCompile Include="src\window\input.cpp" />
    <ClCompile Include="src\app\application.cpp" />
    <ClCompile Include="src\scene\scene.cpp" />
    <ClCompile Include="src\time\timer.cpp" />
    <ClCompile Include="src\api\buffer.cpp" />
    <ClCompile Include="src\api\framebuffer.cpp" />
    <ClCompile Include="src\api\program.cpp" />
    <ClCompile Include="src\api\renderbuffer.cpp" />
    <ClCompile Include="src\api\shader.cpp" />
    <ClCompile Include="src\api\texture.cpp" />
    <ClCompile Include="src\api\vertex_layout.cpp" />
    <ClCompile Include="src\scene\camera.cpp" />
    <ClCompile Include="src\io\io.cpp" />
    <ClCompile Include="src\graphics\3D\model_handler.cpp" />
    <ClCompile Include="src\graphics\3D\model_comp\cube.cpp" />
    <ClCompile Include="src\graphics\texture\texture_handler.cpp" />
    <ClCompile Include="src\graphics\3D\material\material.cpp" />
    <ClCompile Include="src\graphics\3D\renderer\renderer3D.cpp" />
    <ClCompile Include="src\light\light_handler.cpp" />
    <ClCompile Include="src\graphics\2D\renderer\batch_renderer2D.cpp" />
    <ClCompile Include="src\graphics\2D\gui\gui.cpp" />
    <ClCompile Include="src\graphics\2D\gui\panel\panel.cpp" />
    <ClCompile Include="src\graphics\2D\gui\font\font.cpp" />
    <ClCompile Include="src\graphics\2D\gui\font\font_handler.cpp" />
    <ClCompile Include="src\graphics\2D\gui\font\font_stream.cpp" />
    <ClCompile Include="src\graphics\2D\gui\gui_handler.cpp" />
    <ClCompile Include="src\animation\animation_handler.cpp" />
  </ItemGroup>
  <ItemGroup>
    <ClInclude Include="src\window\window.h">
      <Filter>Header Files</Filter>
    </ClInclude>
    <ClInclude Include="src\window\input.h">
      <Filter>Header Files</Filter>
    </ClInclude>
    <ClInclude Include="src\utils\detail.h">
      <Filter>Header Files</Filter>
    </ClInclude>
    <ClInclude Include="src\utils\types.h">
      <Filter>Header Files</Filter>
    </ClInclude>
    <ClInclude Include="src\xcp\exception.h">
      <Filter>Header Files</Filter>
    </ClInclude>
    <ClInclude Include="src\app\application.h">
      <Filter>Header Files</Filter>
    </ClInclude>
    <ClInclude Include="src\data\components.h">
      <Filter>Header Files</Filter>
    </ClInclude>
    <ClInclude Include="src\data\vec_dd.h">
      <Filter>Header Files</Filter>
    </ClInclude>
    <ClInclude Include="src\scene\game_object.h">
      <Filter>Header Files</Filter>
    </ClInclude>
    <ClInclude Include="src\scene\scene.h">
      <Filter>Header Files</Filter>
    </ClInclude>
    <ClInclude Include="src\time\timer.h">
      <Filter>Header Files</Filter>
    </ClInclude>
    <ClInclude Include="src\scene\component\log.h">
      <Filter>Header Files</Filter>
    </ClInclude>
    <ClInclude Include="src\scene\component\component.h">
      <Filter>Header Files</Filter>
    </ClInclude>
    <ClInclude Include="src\scene\component\behavior.h">
      <Filter>Header Files</Filter>
    </ClInclude>
    <ClInclude Include="src\api\api.h">
      <Filter>Header Files</Filter>
    </ClInclude>
    <ClInclude Include="src\api\buffer.h">
      <Filter>Header Files</Filter>
    </ClInclude>
    <ClInclude Include="src\api\framebuffer.h">
      <Filter>Header Files</Filter>
    </ClInclude>
    <ClInclude Include="src\api\program.h">
      <Filter>Header Files</Filter>
    </ClInclude>
    <ClInclude Include="src\api\renderbuffer.h">
      <Filter>Header Files</Filter>
    </ClInclude>
    <ClInclude Include="src\api\shader.h">
      <Filter>Header Files</Filter>
    </ClInclude>
    <ClInclude Include="src\api\texture.h">
      <Filter>Header Files</Filter>
    </ClInclude>
    <ClInclude Include="src\api\vertex_layout.h">
      <Filter>Header Files</Filter>
    </ClInclude>
    <ClInclude Include="src\scene\camera.h">
      <Filter>Header Files</Filter>
    </ClInclude>
    <ClInclude Include="src\io\io.h">
      <Filter>Header Files</Filter>
    </ClInclude>
    <ClInclude Include="src\graphics\3D\model_handler.h">
      <Filter>Header Files</Filter>
    </ClInclude>
    <ClInclude Include="src\graphics\3D\model_comp\cube.h">
      <Filter>Header Files</Filter>
    </ClInclude>
    <ClInclude Include="src\graphics\3D\model_comp\mesh_comp.h">
      <Filter>Header Files</Filter>
    </ClInclude>
    <ClInclude Include="src\graphics\3D\component_types.h">
      <Filter>Header Files</Filter>
    </ClInclude>
    <ClInclude Include="src\graphics\3D\mesh.h">
      <Filter>Header Files</Filter>
    </ClInclude>
    <ClInclude Include="src\graphics\3D\model_data.h">
      <Filter>Header Files</Filter>
    </ClInclude>
    <ClInclude Include="src\graphics\shader\shader_handler.h">
      <Filter>Header Files</Filter>
    </ClInclude>
    <ClInclude Include="src\graphics\shader\shader_properties.h">
      <Filter>Header Files</Filter>
    </ClInclude>
    <ClInclude Include="src\graphics\texture\texture_handler.h">
      <Filter>Header Files</Filter>
    </ClInclude>
    <ClInclude Include="src\graphics\3D\material\material.h">
      <Filter>Header Files</Filter>
    </ClInclude>
    <ClInclude Include="src\graphics\3D\renderer\renderer3D.h">
      <Filter>Header Files</Filter>
    </ClInclude>
    <ClInclude Include="src\light\light_handler.h">
      <Filter>Header Files</Filter>
    </ClInclude>
    <ClInclude Include="src\scene\environment\environment.h">
      <Filter>Header Files</Filter>
    </ClInclude>
    <ClInclude Include="src\scene\component\render_color.h">
      <Filter>Header Files</Filter>
    </ClInclude>
    <ClInclude Include="src\scene\component\model_matrix.h">
      <Filter>Header Files</Filter>
    </ClInclude>
    <ClInclude Include="src\graphics\2D\renderer\batch_renderer2D.h">
      <Filter>Header Files</Filter>
    </ClInclude>
    <ClInclude Include="src\graphics\2D\gui\gui.h">
      <Filter>Header Files</Filter>
    </ClInclude>
    <ClInclude Include="src\graphics\2D\gui\panel\panel.h">
      <Filter>Header Files</Filter>
    </ClInclude>
    <ClInclude Include="src\graphics\2D\gui\font\font.h">
      <Filter>Header Files</Filter>
    </ClInclude>
    <ClInclude Include="src\graphics\2D\gui\font\font_handler.h">
      <Filter>Header Files</Filter>
    </ClInclude>
    <ClInclude Include="src\graphics\2D\gui\font\font_stream.h">
      <Filter>Header Files</Filter>
    </ClInclude>
    <ClInclude Include="src\graphics\2D\gui\gui_handler.h">
      <Filter>Header Files</Filter>
    </ClInclude>
    <ClInclude Include="src\animation\animation_handler.h">
      <Filter>Header Files</Filter>
    </ClInclude>
  </ItemGroup>
  <ItemGroup>
    <None Include="src\shaders\master\master3D_gsh.shader" />
    <None Include="src\shaders\master\master3D_vsh.shader" />
    <None Include="src\shaders\master\master3D_fsh.shader" />
    <None Include="src\shaders\master\master2D_vsh.shader" />
    <None Include="src\shaders\master\master2D_fsh.shader" />
    <None Include="src\shaders\environment\vsh.shader" />
    <None Include="src\shaders\environment\fsh.shader" />
    <None Include="res\font\comic.fnt" />
    <None Include="res\font\consolas.fnt" />
    <None Include="res\font\droid.fnt" />
    <None Include="res\font\superscript.fnt" />
    <None Include="res\font\verdana.fnt" />
  </ItemGroup>
  <ItemGroup>
    <Image Include="res\font\comic.png">
      <Filter>Resource Files</Filter>
    </Image>
    <Image Include="res\font\consolas.png">
      <Filter>Resource Files</Filter>
    </Image>
    <Image Include="res\font\droid.png">
      <Filter>Resource Files</Filter>
    </Image>
    <Image Include="res\font\superscript.png">
      <Filter>Resource Files</Filter>
    </Image>
    <Image Include="res\font\verdana.png">
      <Filter>Resource Files</Filter>
    </Image>
  </ItemGroup>
</Project>