
Microsoft Visual Studio Solution File, Format Version 12.00
# Visual Studio 15
VisualStudioVersion = 15.0.28010.2003
MinimumVisualStudioVersion = 10.0.40219.1
Project("{8BC9CEB8-8B4A-11D0-8D11-00A0C91BC942}") = "GameEngine", "GameEngine\GameEngine.vcxproj", "{EECEA32A-D65C-4C4A-BEB7-A95C34284707}"
EndProject
Global
	GlobalSection(SolutionConfigurationPlatforms) = preSolution
		Debug|x64 = Debug|x64
		Debug|x86 = Debug|x86
		Release|x64 = Release|x64
		Release|x86 = Release|x86
	EndGlobalSection
	GlobalSection(ProjectConfigurationPlatforms) = postSolution
		{EECEA32A-D65C-4C4A-BEB7-A95C34284707}.Debug|x64.ActiveCfg = Debug|x64
		{EECEA32A-D65C-4C4A-BEB7-A95C34284707}.Debug|x64.Build.0 = Debug|x64
		{EECEA32A-D65C-4C4A-BEB7-A95C34284707}.Debug|x86.ActiveCfg = Debug|Win32
		{EECEA32A-D65C-4C4A-BEB7-A95C34284707}.Debug|x86.Build.0 = Debug|Win32
		{EECEA32A-D65C-4C4A-BEB7-A95C34284707}.Release|x64.ActiveCfg = Release|x64
		{EECEA32A-D65C-4C4A-BEB7-A95C34284707}.Release|x64.Build.0 = Release|x64
		{EECEA32A-D65C-4C4A-BEB7-A95C34284707}.Release|x86.ActiveCfg = Release|Win32
		{EECEA32A-D65C-4C4A-BEB7-A95C34284707}.Release|x86.Build.0 = Release|Win32
	EndGlobalSection
	GlobalSection(SolutionProperties) = preSolution
		HideSolutionNode = FALSE
	EndGlobalSection
	GlobalSection(ExtensibilityGlobals) = postSolution
		SolutionGuid = {FD85D9D0-FFA3-4648-8B62-CDEE35B971C7}
	EndGlobalSection
EndGlobal
