
Microsoft Visual Studio Solution File, Format Version 12.00
# Visual Studio 15
VisualStudioVersion = 15.0.27703.2000
MinimumVisualStudioVersion = 10.0.40219.1
Project("{8BC9CEB8-8B4A-11D0-8D11-00A0C91BC942}") = "mgame_ms", "mgame_ms\mgame_ms.vcxproj", "{FCC28ED7-2530-47BA-990C-9FBA82A2ABEA}"
EndProject
Global
	GlobalSection(SolutionConfigurationPlatforms) = preSolution
		Debug|x64 = Debug|x64
		Debug|x86 = Debug|x86
		Release|x64 = Release|x64
		Release|x86 = Release|x86
	EndGlobalSection
	GlobalSection(ProjectConfigurationPlatforms) = postSolution
		{FCC28ED7-2530-47BA-990C-9FBA82A2ABEA}.Debug|x64.ActiveCfg = Debug|x64
		{FCC28ED7-2530-47BA-990C-9FBA82A2ABEA}.Debug|x64.Build.0 = Debug|x64
		{FCC28ED7-2530-47BA-990C-9FBA82A2ABEA}.Debug|x86.ActiveCfg = Debug|Win32
		{FCC28ED7-2530-47BA-990C-9FBA82A2ABEA}.Debug|x86.Build.0 = Debug|Win32
		{FCC28ED7-2530-47BA-990C-9FBA82A2ABEA}.Release|x64.ActiveCfg = Release|x64
		{FCC28ED7-2530-47BA-990C-9FBA82A2ABEA}.Release|x64.Build.0 = Release|x64
		{FCC28ED7-2530-47BA-990C-9FBA82A2ABEA}.Release|x86.ActiveCfg = Release|Win32
		{FCC28ED7-2530-47BA-990C-9FBA82A2ABEA}.Release|x86.Build.0 = Release|Win32
	EndGlobalSection
	GlobalSection(SolutionProperties) = preSolution
		HideSolutionNode = FALSE
	EndGlobalSection
	GlobalSection(ExtensibilityGlobals) = postSolution
		SolutionGuid = {13E38656-0270-4AEA-9838-F17977C84595}
	EndGlobalSection
EndGlobal
