<?xml version="1.0" encoding="utf-8"?>
<Project ToolsVersion="4.0" xmlns="http://schemas.microsoft.com/developer/msbuild/2003">
  <ItemGroup>
    <Filter Include="Source Files">
      <UniqueIdentifier>{4FC737F1-C7A5-4376-A066-2A32D752A2FF}</UniqueIdentifier>
      <Extensions>cpp;c;cc;cxx;def;odl;idl;hpj;bat;asm;asmx</Extensions>
    </Filter>
    <Filter Include="Header Files">
      <UniqueIdentifier>{93995380-89BD-4b04-88EB-625FBE52EBFB}</UniqueIdentifier>
      <Extensions>h;hh;hpp;hxx;hm;inl;inc;ipp;xsd</Extensions>
    </Filter>
    <Filter Include="Resource Files">
      <UniqueIdentifier>{67DA6AB6-F800-4c08-8B7A-83BB121AAD01}</UniqueIdentifier>
      <Extensions>rc;ico;cur;bmp;dlg;rc2;rct;bin;rgs;gif;jpg;jpeg;jpe;resx;tiff;tif;png;wav;mfcribbon-ms</Extensions>
    </Filter>
  </ItemGroup>
  <ItemGroup>
    <ClCompile Include="src\main.cpp">
      <Filter>Source Files</Filter>
    </ClCompile>
    <ClCompile Include="src\application.cpp">
      <Filter>Source Files</Filter>
    </ClCompile>
    <ClCompile Include="src\buffer.cpp">
      <Filter>Source Files</Filter>
    </ClCompile>
    <ClCompile Include="src\camera.cpp">
      <Filter>Source Files</Filter>
    </ClCompile>
    <ClCompile Include="src\cube.cpp">
      <Filter>Source Files</Filter>
    </ClCompile>
    <ClCompile Include="src\framebuffer.cpp">
      <Filter>Source Files</Filter>
    </ClCompile>
    <ClCompile Include="src\gui.cpp">
      <Filter>Source Files</Filter>
    </ClCompile>
    <ClCompile Include="src\input_handler.cpp">
      <Filter>Source Files</Filter>
    </ClCompile>
    <ClCompile Include="src\program.cpp">
      <Filter>Source Files</Filter>
    </ClCompile>
    <ClCompile Include="src\quad_3D.cpp">
      <Filter>Source Files</Filter>
    </ClCompile>
    <ClCompile Include="src\renderbuffer.cpp">
      <Filter>Source Files</Filter>
    </ClCompile>
    <ClCompile Include="src\resources.cpp">
      <Filter>Source Files</Filter>
    </ClCompile>
    <ClCompile Include="src\texture.cpp">
      <Filter>Source Files</Filter>
    </ClCompile>
    <ClCompile Include="src\timer.cpp">
      <Filter>Source Files</Filter>
    </ClCompile>
    <ClCompile Include="src\vao.cpp">
      <Filter>Source Files</Filter>
    </ClCompile>
    <ClCompile Include="src\window.cpp">
      <Filter>Source Files</Filter>
    </ClCompile>
    <ClCompile Include="src\entity.cpp">
      <Filter>Source Files</Filter>
    </ClCompile>
    <ClCompile Include="src\quad_2D.cpp">
      <Filter>Source Files</Filter>
    </ClCompile>
    <ClCompile Include="src\post_processing\default_stage.cpp">
      <Filter>Source Files</Filter>
    </ClCompile>
    <ClCompile Include="src\post_processing\hblur_stage.cpp">
      <Filter>Source Files</Filter>
    </ClCompile>
    <ClCompile Include="src\post_processing\render_pipeline.cpp">
      <Filter>Source Files</Filter>
    </ClCompile>
    <ClCompile Include="src\post_processing\vblur_stage.cpp">
      <Filter>Source Files</Filter>
    </ClCompile>
    <ClCompile Include="src\post_processing\depth_of_field.cpp">
      <Filter>Source Files</Filter>
    </ClCompile>
    <ClCompile Include="src\shadows\shadow.cpp">
      <Filter>Source Files</Filter>
    </ClCompile>
    <ClCompile Include="src\shader_program.cpp">
      <Filter>Source Files</Filter>
    </ClCompile>
    <ClCompile Include="src\shader.cpp">
      <Filter>Source Files</Filter>
    </ClCompile>
    <ClCompile Include="src\model_handler.cpp">
      <Filter>Source Files</Filter>
    </ClCompile>
    <ClCompile Include="src\shader.cpp">
      <Filter>Source Files</Filter>
    </ClCompile>
    <ClCompile Include="src\static_models.cpp">
      <Filter>Source Files</Filter>
    </ClCompile>
  </ItemGroup>
  <ItemGroup>
    <ClInclude Include="src\application.h">
      <Filter>Header Files</Filter>
    </ClInclude>
    <ClInclude Include="src\buffer.h">
      <Filter>Header Files</Filter>
    </ClInclude>
    <ClInclude Include="src\camera.h">
      <Filter>Header Files</Filter>
    </ClInclude>
    <ClInclude Include="src\cube.h">
      <Filter>Header Files</Filter>
    </ClInclude>
    <ClInclude Include="src\detail.h">
      <Filter>Header Files</Filter>
    </ClInclude>
    <ClInclude Include="src\framebuffer.h">
      <Filter>Header Files</Filter>
    </ClInclude>
    <ClInclude Include="src\gui.h">
      <Filter>Header Files</Filter>
    </ClInclude>
    <ClInclude Include="src\input_handler.h">
      <Filter>Header Files</Filter>
    </ClInclude>
    <ClInclude Include="src\log.h">
      <Filter>Header Files</Filter>
    </ClInclude>
    <ClInclude Include="src\program.h">
      <Filter>Header Files</Filter>
    </ClInclude>
    <ClInclude Include="src\quad_3D.h">
      <Filter>Header Files</Filter>
    </ClInclude>
    <ClInclude Include="src\renderable.h">
      <Filter>Header Files</Filter>
    </ClInclude>
    <ClInclude Include="src\renderbuffer.h">
      <Filter>Header Files</Filter>
    </ClInclude>
    <ClInclude Include="src\resolution.h">
      <Filter>Header Files</Filter>
    </ClInclude>
    <ClInclude Include="src\resources.h">
      <Filter>Header Files</Filter>
    </ClInclude>
    <ClInclude Include="src\texture.h">
      <Filter>Header Files</Filter>
    </ClInclude>
    <ClInclude Include="src\timer.h">
      <Filter>Header Files</Filter>
    </ClInclude>
    <ClInclude Include="src\types.h">
      <Filter>Header Files</Filter>
    </ClInclude>
    <ClInclude Include="src\vao.h">
      <Filter>Header Files</Filter>
    </ClInclude>
    <ClInclude Include="src\window.h">
      <Filter>Header Files</Filter>
    </ClInclude>
    <ClInclude Include="src\ecs\basic_components.h">
      <Filter>Header Files</Filter>
    </ClInclude>
    <ClInclude Include="src\ecs\basic_key_control.h">
      <Filter>Header Files</Filter>
    </ClInclude>
    <ClInclude Include="src\ecs\ecs.h">
      <Filter>Header Files</Filter>
    </ClInclude>
    <ClInclude Include="src\ecs\graphics.h">
      <Filter>Header Files</Filter>
    </ClInclude>
    <ClInclude Include="src\ecs\mouse_control.h">
      <Filter>Header Files</Filter>
    </ClInclude>
    <ClInclude Include="src\math\barry_centric.h">
      <Filter>Header Files</Filter>
    </ClInclude>
    <ClInclude Include="src\math\ray_trace.h">
      <Filter>Header Files</Filter>
    </ClInclude>
    <ClInclude Include="src\vec_dd.h">
      <Filter>Header Files</Filter>
    </ClInclude>
    <ClInclude Include="src\render_func.h">
      <Filter>Header Files</Filter>
    </ClInclude>
    <ClInclude Include="src\entity.h">
      <Filter>Header Files</Filter>
    </ClInclude>
    <ClInclude Include="src\quad_2D.h">
      <Filter>Header Files</Filter>
    </ClInclude>
    <ClInclude Include="src\shadow_box.h">
      <Filter>Header Files</Filter>
    </ClInclude>
    <ClInclude Include="src\sphere.h">
      <Filter>Header Files</Filter>
    </ClInclude>
    <ClInclude Include="src\quaternion.h">
      <Filter>Header Files</Filter>
    </ClInclude>
    <ClInclude Include="src\shadows.h">
      <Filter>Header Files</Filter>
    </ClInclude>
    <ClInclude Include="src\shadow_handler.h">
      <Filter>Header Files</Filter>
    </ClInclude>
    <ClInclude Include="src\ecs\model_matrix.h">
      <Filter>Header Files</Filter>
    </ClInclude>
    <ClInclude Include="src\ecs\depth_render.h">
      <Filter>Header Files</Filter>
    </ClInclude>
    <ClInclude Include="src\ecs\physics.h">
      <Filter>Header Files</Filter>
    </ClInclude>
    <ClInclude Include="src\ecs\little_gun.h">
      <Filter>Header Files</Filter>
    </ClInclude>
    <ClInclude Include="src\tracer_handler.h">
      <Filter>Header Files</Filter>
    </ClInclude>
    <ClInclude Include="src\audio\audio.h">
      <Filter>Header Files</Filter>
    </ClInclude>
    <ClInclude Include="src\puff_handler.h">
      <Filter>Header Files</Filter>
    </ClInclude>
    <ClInclude Include="src\post_processing\default_stage.h">
      <Filter>Header Files</Filter>
    </ClInclude>
    <ClInclude Include="src\post_processing\hblur_stage.h">
      <Filter>Header Files</Filter>
    </ClInclude>
    <ClInclude Include="src\post_processing\post_proc_stage.h">
      <Filter>Header Files</Filter>
    </ClInclude>
    <ClInclude Include="src\post_processing\render_pipeline.h">
      <Filter>Header Files</Filter>
    </ClInclude>
    <ClInclude Include="src\post_processing\vblur_stage.h">
      <Filter>Header Files</Filter>
    </ClInclude>
    <ClInclude Include="src\post_processing\depth_of_field.h">
      <Filter>Header Files</Filter>
    </ClInclude>
    <ClInclude Include="src\gradient_sky.h">
      <Filter>Header Files</Filter>
    </ClInclude>
    <ClInclude Include="src\shadows\shadow.h">
      <Filter>Header Files</Filter>
    </ClInclude>
    <ClInclude Include="src\model_loader.h">
      <Filter>Header Files</Filter>
    </ClInclude>
    <ClInclude Include="src\shader_program.h">
      <Filter>Header Files</Filter>
    </ClInclude>
    <ClInclude Include="src\xcp_io.h">
      <Filter>Header Files</Filter>
    </ClInclude>
    <ClInclude Include="src\xcp.h">
      <Filter>Header Files</Filter>
    </ClInclude>
    <ClInclude Include="src\model_handler.h">
      <Filter>Header Files</Filter>
    </ClInclude>
    <ClInclude Include="src\component_system.h">
      <Filter>Header Files</Filter>
    </ClInclude>
    <ClInclude Include="src\shader.h">
      <Filter>Header Files</Filter>
    </ClInclude>
    <ClInclude Include="src\static_models.h">
      <Filter>Header Files</Filter>
    </ClInclude>
    <ClInclude Include="src\terrain.h">
      <Filter>Header Files</Filter>
    </ClInclude>
    <ClInclude Include="src\noise_generator.h">
      <Filter>Header Files</Filter>
    </ClInclude>
    <ClInclude Include="src\mesh.h">
      <Filter>Header Files</Filter>
    </ClInclude>
  </ItemGroup>
  <ItemGroup>
    <None Include="res\quad_3D_vsh.shader" />
    <None Include="res\quad_3D_fsh.shader" />
    <None Include="res\quad_2D_vsh.shader" />
    <None Include="res\quad_2D_fsh.shader" />
    <None Include="res\quad_3D_gsh.shader" />
    <None Include="res\shadow\shadow_vsh.shader" />
    <None Include="res\shadow\shadow_fsh.shader" />
    <None Include="res\shadow\shadow_gui_vsh.shader" />
    <None Include="res\shadow\shadow_gui_fsh.shader" />
    <None Include="res\plain_color\vsh.shader" />
    <None Include="res\plain_color\fsh.shader" />
    <None Include="res\lines\line_vsh.shader" />
    <None Include="res\lines\line_fsh.shader" />
    <None Include="res\blur\horizontal_vsh.shader" />
    <None Include="res\blur\blur_fsh.shader" />
    <None Include="res\blur\vertical_vsh.shader" />
    <None Include="res\todo.m" />
    <None Include="res\dof\vsh.shader" />
    <None Include="res\dof\fsh.shader" />
    <None Include="res\sky\vsh.shader" />
    <None Include="res\sky\fsh.shader" />
    <None Include="res\model_shaders\vsh.shader" />
    <None Include="res\model_shaders\fsh.shader" />
    <None Include="res\model_shaders\gsh.shader" />
  </ItemGroup>
  <ItemGroup>
    <Media Include="..\..\..\..\Downloads\bounce.wav">
      <Filter>Resource Files</Filter>
    </Media>
    <Media Include="src\audio\bounce.wav">
      <Filter>Resource Files</Filter>
    </Media>
  </ItemGroup>
  <ItemGroup>
    <Text Include="src\todo.txt" />
  </ItemGroup>
</Project>